
Microsoft Visual Studio Solution File, Format Version 12.00
# Visual Studio Version 17
VisualStudioVersion = 17.12.35527.113 d17.12
MinimumVisualStudioVersion = 10.0.40219.1
Project("{FAE04EC0-301F-11D3-BF4B-00C04F79EFBC}") = "server", "server\server.csproj", "{4676C3AA-2A25-4E5C-8306-85D86124219C}"
EndProject
Project("{54A90642-561A-4BB1-A94E-469ADEE60C69}") = "client", "client\client.esproj", "{EF357598-62F6-4F2A-AE66-2800ACCF95C4}"
EndProject
Global
	GlobalSection(SolutionConfigurationPlatforms) = preSolution
		Debug|Any CPU = Debug|Any CPU
		Release|Any CPU = Release|Any CPU
	EndGlobalSection
	GlobalSection(ProjectConfigurationPlatforms) = postSolution
		{4676C3AA-2A25-4E5C-8306-85D86124219C}.Debug|Any CPU.ActiveCfg = Debug|Any CPU
		{4676C3AA-2A25-4E5C-8306-85D86124219C}.Debug|Any CPU.Build.0 = Debug|Any CPU
		{4676C3AA-2A25-4E5C-8306-85D86124219C}.Release|Any CPU.ActiveCfg = Release|Any CPU
		{4676C3AA-2A25-4E5C-8306-85D86124219C}.Release|Any CPU.Build.0 = Release|Any CPU
		{EF357598-62F6-4F2A-AE66-2800ACCF95C4}.Debug|Any CPU.ActiveCfg = Debug|Any CPU
		{EF357598-62F6-4F2A-AE66-2800ACCF95C4}.Debug|Any CPU.Build.0 = Debug|Any CPU
		{EF357598-62F6-4F2A-AE66-2800ACCF95C4}.Debug|Any CPU.Deploy.0 = Debug|Any CPU
		{EF357598-62F6-4F2A-AE66-2800ACCF95C4}.Release|Any CPU.ActiveCfg = Release|Any CPU
		{EF357598-62F6-4F2A-AE66-2800ACCF95C4}.Release|Any CPU.Build.0 = Release|Any CPU
		{EF357598-62F6-4F2A-AE66-2800ACCF95C4}.Release|Any CPU.Deploy.0 = Release|Any CPU
	EndGlobalSection
	GlobalSection(SolutionProperties) = preSolution
		HideSolutionNode = FALSE
	EndGlobalSection
EndGlobal
